PODS:
  - JustLog (4.0.0):
    - SwiftyBeaver (~> 1.9.5)
  - SwiftyBeaver (1.9.5)

DEPENDENCIES:
  - JustLog (from `../`)

SPEC REPOS:
  trunk:
    - SwiftyBeaver

EXTERNAL SOURCES:
  JustLog:
    :path: "../"

SPEC CHECKSUMS:
  JustLog: bbfc996720e9949bd136aac42718aa3e497ecdcd
  SwiftyBeaver: 84069991dd5dca07d7069100985badaca7f0ce82

PODFILE CHECKSUM: aa7f7c927e2374816042b97daba40abb7b133bd5

COCOAPODS: 1.10.2
